
Microsoft Visual Studio Solution File, Format Version 12.00
# Visual Studio Version 17
VisualStudioVersion = 17.6.33815.320
MinimumVisualStudioVersion = 10.0.40219.1
Project("{FAE04EC0-301F-11D3-BF4B-00C04F79EFBC}") = "ProjectStructure.FormApp", "ProjectStructure.FormApp\ProjectStructure.FormApp.csproj", "{95104FA1-65A3-4F08-91C1-ED16F90D3D9B}"
EndProject
Project("{FAE04EC0-301F-11D3-BF4B-00C04F79EFBC}") = "ProjectStructure.Support", "ProjectStructure.Support\ProjectStructure.Support.csproj", "{FAF6434D-8232-4378-A425-AABA186F1657}"
EndProject
Global
	GlobalSection(SolutionConfigurationPlatforms) = preSolution
		Debug|Any CPU = Debug|Any CPU
		Release|Any CPU = Release|Any CPU
	EndGlobalSection
	GlobalSection(ProjectConfigurationPlatforms) = postSolution
		{95104FA1-65A3-4F08-91C1-ED16F90D3D9B}.Debug|Any CPU.ActiveCfg = Debug|Any CPU
		{95104FA1-65A3-4F08-91C1-ED16F90D3D9B}.Debug|Any CPU.Build.0 = Debug|Any CPU
		{95104FA1-65A3-4F08-91C1-ED16F90D3D9B}.Release|Any CPU.ActiveCfg = Release|Any CPU
		{95104FA1-65A3-4F08-91C1-ED16F90D3D9B}.Release|Any CPU.Build.0 = Release|Any CPU
		{FAF6434D-8232-4378-A425-AABA186F1657}.Debug|Any CPU.ActiveCfg = Debug|Any CPU
		{FAF6434D-8232-4378-A425-AABA186F1657}.Debug|Any CPU.Build.0 = Debug|Any CPU
		{FAF6434D-8232-4378-A425-AABA186F1657}.Release|Any CPU.ActiveCfg = Release|Any CPU
		{FAF6434D-8232-4378-A425-AABA186F1657}.Release|Any CPU.Build.0 = Release|Any CPU
	EndGlobalSection
	GlobalSection(SolutionProperties) = preSolution
		HideSolutionNode = FALSE
	EndGlobalSection
	GlobalSection(ExtensibilityGlobals) = postSolution
		SolutionGuid = {2AF35A53-4209-435C-84C0-24E96F381411}
	EndGlobalSection
EndGlobal
